Microsoft Visual Studio Solution File, Format Version 12.00
# Visual Studio 2012
Project("{FAE04EC0-301F-11D3-BF4B-00C04F79EFBC}") = "GithubGameOff2022", "GithubGameOff2022.csproj", "{DAAE075D-FA23-494A-895A-4F83EE276113}"
EndProject
Global
	GlobalSection(SolutionConfigurationPlatforms) = preSolution
	Debug|Any CPU = Debug|Any CPU
	ExportDebug|Any CPU = ExportDebug|Any CPU
	ExportRelease|Any CPU = ExportRelease|Any CPU
	EndGlobalSection
	GlobalSection(ProjectConfigurationPlatforms) = postSolution
		{DAAE075D-FA23-494A-895A-4F83EE276113}.Debug|Any CPU.ActiveCfg = Debug|Any CPU
		{DAAE075D-FA23-494A-895A-4F83EE276113}.Debug|Any CPU.Build.0 = Debug|Any CPU
		{DAAE075D-FA23-494A-895A-4F83EE276113}.ExportDebug|Any CPU.ActiveCfg = ExportDebug|Any CPU
		{DAAE075D-FA23-494A-895A-4F83EE276113}.ExportDebug|Any CPU.Build.0 = ExportDebug|Any CPU
		{DAAE075D-FA23-494A-895A-4F83EE276113}.ExportRelease|Any CPU.ActiveCfg = ExportRelease|Any CPU
		{DAAE075D-FA23-494A-895A-4F83EE276113}.ExportRelease|Any CPU.Build.0 = ExportRelease|Any CPU
	EndGlobalSection
EndGlobal
